// !$*UTF8*$!
{
	archiveVersion = 1;
	classes = {
	};
	objectVersion = 55;
	objects = {

/* Begin PBXBuildFile section */
		7BB63A57CE3A6868660598E9 /* Pods_FotoPresenter.framework in Frameworks */ = {isa = PBXBuildFile; fileRef = BE7C5A030854C178AFAA479B /* Pods_FotoPresenter.framework */; };
		9F841B98770EE4B4E0327E18 /* Pods_FotoPresenter_FotoPresenterUITests.framework in Frameworks */ = {isa = PBXBuildFile; fileRef = 2235014D129A3C9890B2CDE3 /* Pods_FotoPresenter_FotoPresenterUITests.framework */; };
		A3CF2E0140D96E96A01075C1 /* Pods_FotoPresenterTests.framework in Frameworks */ = {isa = PBXBuildFile; fileRef = 6CAC0A8CFD67DDF47B23E7A2 /* Pods_FotoPresenterTests.framework */; };
		F10515BE294D05BE00F9E4B5 /* ScreenTitleTextField.swift in Sources */ = {isa = PBXBuildFile; fileRef = F10515BD294D05BE00F9E4B5 /* ScreenTitleTextField.swift */; };
		F10515C0294D076400F9E4B5 /* Font.swift in Sources */ = {isa = PBXBuildFile; fileRef = F10515BF294D076400F9E4B5 /* Font.swift */; };
		F10515C7294D07CA00F9E4B5 /* quicksand_light.ttf in Resources */ = {isa = PBXBuildFile; fileRef = F10515C2294D07CA00F9E4B5 /* quicksand_light.ttf */; };
		F10515C8294D07CA00F9E4B5 /* quicksand_medium.ttf in Resources */ = {isa = PBXBuildFile; fileRef = F10515C3294D07CA00F9E4B5 /* quicksand_medium.ttf */; };
		F10515C9294D07CA00F9E4B5 /* quicksand_semibold.ttf in Resources */ = {isa = PBXBuildFile; fileRef = F10515C4294D07CA00F9E4B5 /* quicksand_semibold.ttf */; };
		F10515CA294D07CA00F9E4B5 /* quicksand_regular.ttf in Resources */ = {isa = PBXBuildFile; fileRef = F10515C5294D07CA00F9E4B5 /* quicksand_regular.ttf */; };
		F10515CB294D07CA00F9E4B5 /* quicksand_bold.ttf in Resources */ = {isa = PBXBuildFile; fileRef = F10515C6294D07CA00F9E4B5 /* quicksand_bold.ttf */; };
		F16C62C328C914D1001CE2F9 /* FotoPresenterApp.swift in Sources */ = {isa = PBXBuildFile; fileRef = F16C62C228C914D1001CE2F9 /* FotoPresenterApp.swift */; };
		F16C62C528C914D1001CE2F9 /* LoginScreen.swift in Sources */ = {isa = PBXBuildFile; fileRef = F16C62C428C914D1001CE2F9 /* LoginScreen.swift */; };
		F16C62C728C914D3001CE2F9 /* Assets.xcassets in Resources */ = {isa = PBXBuildFile; fileRef = F16C62C628C914D3001CE2F9 /* Assets.xcassets */; };
		F16C62CA28C914D3001CE2F9 /* Preview Assets.xcassets in Resources */ = {isa = PBXBuildFile; fileRef = F16C62C928C914D3001CE2F9 /* Preview Assets.xcassets */; };
		F16C62D428C914D4001CE2F9 /* FotoPresenterTests.swift in Sources */ = {isa = PBXBuildFile; fileRef = F16C62D328C914D4001CE2F9 /* FotoPresenterTests.swift */; };
		F16C62DE28C914D4001CE2F9 /* FotoPresenterUITests.swift in Sources */ = {isa = PBXBuildFile; fileRef = F16C62DD28C914D4001CE2F9 /* FotoPresenterUITests.swift */; };
		F16C62E028C914D4001CE2F9 /* FotoPresenterUITestsLaunchTests.swift in Sources */ = {isa = PBXBuildFile; fileRef = F16C62DF28C914D4001CE2F9 /* FotoPresenterUITestsLaunchTests.swift */; };
		F19EF1FB28D8D228005F0806 /* CombineAdapters.swift in Sources */ = {isa = PBXBuildFile; fileRef = F19EF1FA28D8D228005F0806 /* CombineAdapters.swift */; };
		F1A42C85291EA45400CDAEAD /* CancellableViewModel.swift in Sources */ = {isa = PBXBuildFile; fileRef = F1A42C84291EA45400CDAEAD /* CancellableViewModel.swift */; };
		F1BC833E28D4CB5F00702B83 /* LoginViewModel.swift in Sources */ = {isa = PBXBuildFile; fileRef = F1BC833D28D4CB5F00702B83 /* LoginViewModel.swift */; };
/* End PBXBuildFile section */

/* Begin PBXContainerItemProxy section */
		F16C62D028C914D4001CE2F9 /* PBXContainerItemProxy */ = {
			isa = PBXContainerItemProxy;
			containerPortal = F16C62B728C914D1001CE2F9 /* Project object */;
			proxyType = 1;
			remoteGlobalIDString = F16C62BE28C914D1001CE2F9;
			remoteInfo = FotoPresenter;
		};
		F16C62DA28C914D4001CE2F9 /* PBXContainerItemProxy */ = {
			isa = PBXContainerItemProxy;
			containerPortal = F16C62B728C914D1001CE2F9 /* Project object */;
			proxyType = 1;
			remoteGlobalIDString = F16C62BE28C914D1001CE2F9;
			remoteInfo = FotoPresenter;
		};
/* End PBXContainerItemProxy section */

/* Begin PBXFileReference section */
		2235014D129A3C9890B2CDE3 /* Pods_FotoPresenter_FotoPresenterUITests.framework */ = {isa = PBXFileReference; explicitFileType = wrapper.framework; includeInIndex = 0; path = Pods_FotoPresenter_FotoPresenterUITests.framework; sourceTree = BUILT_PRODUCTS_DIR; };
		449A7F2AF2B99C5B97DA0988 /* Pods-FotoPresenter.release.xcconfig */ = {isa = PBXFileReference; includeInIndex = 1; lastKnownFileType = text.xcconfig; name = "Pods-FotoPresenter.release.xcconfig"; path = "Target Support Files/Pods-FotoPresenter/Pods-FotoPresenter.release.xcconfig"; sourceTree = "<group>"; };
		47F192AC9A69A07F49966406 /* Pods-FotoPresenter-FotoPresenterUITests.release.xcconfig */ = {isa = PBXFileReference; includeInIndex = 1; lastKnownFileType = text.xcconfig; name = "Pods-FotoPresenter-FotoPresenterUITests.release.xcconfig"; path = "Target Support Files/Pods-FotoPresenter-FotoPresenterUITests/Pods-FotoPresenter-FotoPresenterUITests.release.xcconfig"; sourceTree = "<group>"; };
		6CAC0A8CFD67DDF47B23E7A2 /* Pods_FotoPresenterTests.framework */ = {isa = PBXFileReference; explicitFileType = wrapper.framework; includeInIndex = 0; path = Pods_FotoPresenterTests.framework; sourceTree = BUILT_PRODUCTS_DIR; };
		A9BB81B8413C4E2D25D20E5A /* Pods-FotoPresenterTests.release.xcconfig */ = {isa = PBXFileReference; includeInIndex = 1; lastKnownFileType = text.xcconfig; name = "Pods-FotoPresenterTests.release.xcconfig"; path = "Target Support Files/Pods-FotoPresenterTests/Pods-FotoPresenterTests.release.xcconfig"; sourceTree = "<group>"; };
		B2E786B7613CDA19AD928B18 /* Pods-FotoPresenter.debug.xcconfig */ = {isa = PBXFileReference; includeInIndex = 1; lastKnownFileType = text.xcconfig; name = "Pods-FotoPresenter.debug.xcconfig"; path = "Target Support Files/Pods-FotoPresenter/Pods-FotoPresenter.debug.xcconfig"; sourceTree = "<group>"; };
		BE7C5A030854C178AFAA479B /* Pods_FotoPresenter.framework */ = {isa = PBXFileReference; explicitFileType = wrapper.framework; includeInIndex = 0; path = Pods_FotoPresenter.framework; sourceTree = BUILT_PRODUCTS_DIR; };
		C565D303851E2F1CF8EE4D89 /* Pods-FotoPresenter-FotoPresenterUITests.debug.xcconfig */ = {isa = PBXFileReference; includeInIndex = 1; lastKnownFileType = text.xcconfig; name = "Pods-FotoPresenter-FotoPresenterUITests.debug.xcconfig"; path = "Target Support Files/Pods-FotoPresenter-FotoPresenterUITests/Pods-FotoPresenter-FotoPresenterUITests.debug.xcconfig"; sourceTree = "<group>"; };
		DA2F185F285131EECAF12BDD /* Pods-FotoPresenterTests.debug.xcconfig */ = {isa = PBXFileReference; includeInIndex = 1; lastKnownFileType = text.xcconfig; name = "Pods-FotoPresenterTests.debug.xcconfig"; path = "Target Support Files/Pods-FotoPresenterTests/Pods-FotoPresenterTests.debug.xcconfig"; sourceTree = "<group>"; };
		F10515BD294D05BE00F9E4B5 /* ScreenTitleTextField.swift */ = {isa = PBXFileReference; lastKnownFileType = sourcecode.swift; path = ScreenTitleTextField.swift; sourceTree = "<group>"; };
		F10515BF294D076400F9E4B5 /* Font.swift */ = {isa = PBXFileReference; lastKnownFileType = sourcecode.swift; path = Font.swift; sourceTree = "<group>"; };
		F10515C2294D07CA00F9E4B5 /* quicksand_light.ttf */ = {isa = PBXFileReference; lastKnownFileType = file; name = quicksand_light.ttf; path = ../../../android/src/main/res/font/quicksand_light.ttf; sourceTree = "<group>"; };
		F10515C3294D07CA00F9E4B5 /* quicksand_medium.ttf */ = {isa = PBXFileReference; lastKnownFileType = file; name = quicksand_medium.ttf; path = ../../../android/src/main/res/font/quicksand_medium.ttf; sourceTree = "<group>"; };
		F10515C4294D07CA00F9E4B5 /* quicksand_semibold.ttf */ = {isa = PBXFileReference; lastKnownFileType = file; name = quicksand_semibold.ttf; path = ../../../android/src/main/res/font/quicksand_semibold.ttf; sourceTree = "<group>"; };
		F10515C5294D07CA00F9E4B5 /* quicksand_regular.ttf */ = {isa = PBXFileReference; lastKnownFileType = file; name = quicksand_regular.ttf; path = ../../../android/src/main/res/font/quicksand_regular.ttf; sourceTree = "<group>"; };
		F10515C6294D07CA00F9E4B5 /* quicksand_bold.ttf */ = {isa = PBXFileReference; lastKnownFileType = file; name = quicksand_bold.ttf; path = ../../../android/src/main/res/font/quicksand_bold.ttf; sourceTree = "<group>"; };
		F127E80929525F23004594CD /* Info.plist */ = {isa = PBXFileReference; lastKnownFileType = text.plist; path = Info.plist; sourceTree = "<group>"; };
		F16C62BF28C914D1001CE2F9 /* FotoPresenter.app */ = {isa = PBXFileReference; explicitFileType = wrapper.application; includeInIndex = 0; path = FotoPresenter.app; sourceTree = BUILT_PRODUCTS_DIR; };
		F16C62C228C914D1001CE2F9 /* FotoPresenterApp.swift */ = {isa = PBXFileReference; lastKnownFileType = sourcecode.swift; path = FotoPresenterApp.swift; sourceTree = "<group>"; };
		F16C62C428C914D1001CE2F9 /* LoginScreen.swift */ = {isa = PBXFileReference; lastKnownFileType = sourcecode.swift; path = LoginScreen.swift; sourceTree = "<group>"; };
		F16C62C628C914D3001CE2F9 /* Assets.xcassets */ = {isa = PBXFileReference; lastKnownFileType = folder.assetcatalog; path = Assets.xcassets; sourceTree = "<group>"; };
		F16C62C928C914D3001CE2F9 /* Preview Assets.xcassets */ = {isa = PBXFileReference; lastKnownFileType = folder.assetcatalog; path = "Preview Assets.xcassets"; sourceTree = "<group>"; };
		F16C62CF28C914D4001CE2F9 /* FotoPresenterTests.xctest */ = {isa = PBXFileReference; explicitFileType = wrapper.cfbundle; includeInIndex = 0; path = FotoPresenterTests.xctest; sourceTree = BUILT_PRODUCTS_DIR; };
		F16C62D328C914D4001CE2F9 /* FotoPresenterTests.swift */ = {isa = PBXFileReference; lastKnownFileType = sourcecode.swift; path = FotoPresenterTests.swift; sourceTree = "<group>"; };
		F16C62D928C914D4001CE2F9 /* FotoPresenterUITests.xctest */ = {isa = PBXFileReference; explicitFileType = wrapper.cfbundle; includeInIndex = 0; path = FotoPresenterUITests.xctest; sourceTree = BUILT_PRODUCTS_DIR; };
		F16C62DD28C914D4001CE2F9 /* FotoPresenterUITests.swift */ = {isa = PBXFileReference; lastKnownFileType = sourcecode.swift; path = FotoPresenterUITests.swift; sourceTree = "<group>"; };
		F16C62DF28C914D4001CE2F9 /* FotoPresenterUITestsLaunchTests.swift */ = {isa = PBXFileReference; lastKnownFileType = sourcecode.swift; path = FotoPresenterUITestsLaunchTests.swift; sourceTree = "<group>"; };
		F19EF1FA28D8D228005F0806 /* CombineAdapters.swift */ = {isa = PBXFileReference; lastKnownFileType = sourcecode.swift; path = CombineAdapters.swift; sourceTree = "<group>"; };
		F1A42C84291EA45400CDAEAD /* CancellableViewModel.swift */ = {isa = PBXFileReference; lastKnownFileType = sourcecode.swift; path = CancellableViewModel.swift; sourceTree = "<group>"; };
		F1BC833D28D4CB5F00702B83 /* LoginViewModel.swift */ = {isa = PBXFileReference; lastKnownFileType = sourcecode.swift; path = LoginViewModel.swift; sourceTree = "<group>"; };
/* End PBXFileReference section */

/* Begin PBXFrameworksBuildPhase section */
		F16C62BC28C914D1001CE2F9 /* Frameworks */ = {
			isa = PBXFrameworksBuildPhase;
			buildActionMask = 2147483647;
			files = (
				7BB63A57CE3A6868660598E9 /* Pods_FotoPresenter.framework in Frameworks */,
			);
			runOnlyForDeploymentPostprocessing = 0;
		};
		F16C62CC28C914D4001CE2F9 /* Frameworks */ = {
			isa = PBXFrameworksBuildPhase;
			buildActionMask = 2147483647;
			files = (
				A3CF2E0140D96E96A01075C1 /* Pods_FotoPresenterTests.framework in Frameworks */,
			);
			runOnlyForDeploymentPostprocessing = 0;
		};
		F16C62D628C914D4001CE2F9 /* Frameworks */ = {
			isa = PBXFrameworksBuildPhase;
			buildActionMask = 2147483647;
			files = (
				9F841B98770EE4B4E0327E18 /* Pods_FotoPresenter_FotoPresenterUITests.framework in Frameworks */,
			);
			runOnlyForDeploymentPostprocessing = 0;
		};
/* End PBXFrameworksBuildPhase section */

/* Begin PBXGroup section */
		C790B55CC2F303C81AD9FA20 /* Frameworks */ = {
			isa = PBXGroup;
			children = (
				BE7C5A030854C178AFAA479B /* Pods_FotoPresenter.framework */,
				2235014D129A3C9890B2CDE3 /* Pods_FotoPresenter_FotoPresenterUITests.framework */,
				6CAC0A8CFD67DDF47B23E7A2 /* Pods_FotoPresenterTests.framework */,
			);
			name = Frameworks;
			sourceTree = "<group>";
		};
		E8E3D461BE49064F15F94BD0 /* Pods */ = {
			isa = PBXGroup;
			children = (
				B2E786B7613CDA19AD928B18 /* Pods-FotoPresenter.debug.xcconfig */,
				449A7F2AF2B99C5B97DA0988 /* Pods-FotoPresenter.release.xcconfig */,
				C565D303851E2F1CF8EE4D89 /* Pods-FotoPresenter-FotoPresenterUITests.debug.xcconfig */,
				47F192AC9A69A07F49966406 /* Pods-FotoPresenter-FotoPresenterUITests.release.xcconfig */,
				DA2F185F285131EECAF12BDD /* Pods-FotoPresenterTests.debug.xcconfig */,
				A9BB81B8413C4E2D25D20E5A /* Pods-FotoPresenterTests.release.xcconfig */,
			);
			path = Pods;
			sourceTree = "<group>";
		};
		F10515BB294D057B00F9E4B5 /* atoms */ = {
			isa = PBXGroup;
			children = (
				F10515BD294D05BE00F9E4B5 /* ScreenTitleTextField.swift */,
			);
			path = atoms;
			sourceTree = "<group>";
		};
		F10515BC294D058300F9E4B5 /* screens */ = {
			isa = PBXGroup;
			children = (
				F16C62C428C914D1001CE2F9 /* LoginScreen.swift */,
			);
			path = screens;
			sourceTree = "<group>";
		};
		F10515C1294D07AA00F9E4B5 /* Font */ = {
			isa = PBXGroup;
			children = (
				F10515C6294D07CA00F9E4B5 /* quicksand_bold.ttf */,
				F10515C2294D07CA00F9E4B5 /* quicksand_light.ttf */,
				F10515C3294D07CA00F9E4B5 /* quicksand_medium.ttf */,
				F10515C5294D07CA00F9E4B5 /* quicksand_regular.ttf */,
				F10515C4294D07CA00F9E4B5 /* quicksand_semibold.ttf */,
			);
			path = Font;
			sourceTree = "<group>";
		};
		F16C62B628C914D1001CE2F9 = {
			isa = PBXGroup;
			children = (
				F16C62C128C914D1001CE2F9 /* FotoPresenter */,
				F16C62D228C914D4001CE2F9 /* FotoPresenterTests */,
				F16C62DC28C914D4001CE2F9 /* FotoPresenterUITests */,
				F16C62C028C914D1001CE2F9 /* Products */,
				E8E3D461BE49064F15F94BD0 /* Pods */,
				C790B55CC2F303C81AD9FA20 /* Frameworks */,
			);
			sourceTree = "<group>";
		};
		F16C62C028C914D1001CE2F9 /* Products */ = {
			isa = PBXGroup;
			children = (
				F16C62BF28C914D1001CE2F9 /* FotoPresenter.app */,
				F16C62CF28C914D4001CE2F9 /* FotoPresenterTests.xctest */,
				F16C62D928C914D4001CE2F9 /* FotoPresenterUITests.xctest */,
			);
			name = Products;
			sourceTree = "<group>";
		};
		F16C62C128C914D1001CE2F9 /* FotoPresenter */ = {
			isa = PBXGroup;
			children = (
				F127E80929525F23004594CD /* Info.plist */,
				F10515C1294D07AA00F9E4B5 /* Font */,
				F1A42C82291EA3E100CDAEAD /* uilayer */,
				F16C62C628C914D3001CE2F9 /* Assets.xcassets */,
				F16C62C828C914D3001CE2F9 /* Preview Content */,
				F1A42C83291EA41600CDAEAD /* util */,
			);
			path = FotoPresenter;
			sourceTree = "<group>";
		};
		F16C62C828C914D3001CE2F9 /* Preview Content */ = {
			isa = PBXGroup;
			children = (
				F16C62C928C914D3001CE2F9 /* Preview Assets.xcassets */,
			);
			path = "Preview Content";
			sourceTree = "<group>";
		};
		F16C62D228C914D4001CE2F9 /* FotoPresenterTests */ = {
			isa = PBXGroup;
			children = (
				F16C62D328C914D4001CE2F9 /* FotoPresenterTests.swift */,
			);
			path = FotoPresenterTests;
			sourceTree = "<group>";
		};
		F16C62DC28C914D4001CE2F9 /* FotoPresenterUITests */ = {
			isa = PBXGroup;
			children = (
				F16C62DD28C914D4001CE2F9 /* FotoPresenterUITests.swift */,
				F16C62DF28C914D4001CE2F9 /* FotoPresenterUITestsLaunchTests.swift */,
			);
			path = FotoPresenterUITests;
			sourceTree = "<group>";
		};
		F1A42C81291EA3AA00CDAEAD /* base */ = {
			isa = PBXGroup;
			children = (
				F1A42C84291EA45400CDAEAD /* CancellableViewModel.swift */,
			);
			path = base;
			sourceTree = "<group>";
		};
		F1A42C82291EA3E100CDAEAD /* uilayer */ = {
			isa = PBXGroup;
			children = (
				F1C6DED4291AB8EC000B9431 /* swiftui */,
				F1BC833C28D4CB4B00702B83 /* ViewModel */,
				F10515BF294D076400F9E4B5 /* Font.swift */,
			);
			path = uilayer;
			sourceTree = "<group>";
		};
		F1A42C83291EA41600CDAEAD /* util */ = {
			isa = PBXGroup;
			children = (
				F19EF1FA28D8D228005F0806 /* CombineAdapters.swift */,
			);
			path = util;
			sourceTree = "<group>";
		};
		F1BC833C28D4CB4B00702B83 /* ViewModel */ = {
			isa = PBXGroup;
			children = (
				F1A42C81291EA3AA00CDAEAD /* base */,
				F1BC833D28D4CB5F00702B83 /* LoginViewModel.swift */,
			);
			path = ViewModel;
			sourceTree = "<group>";
		};
		F1C6DED4291AB8EC000B9431 /* swiftui */ = {
			isa = PBXGroup;
			children = (
				F16C62C228C914D1001CE2F9 /* FotoPresenterApp.swift */,
				F10515BB294D057B00F9E4B5 /* atoms */,
				F10515BC294D058300F9E4B5 /* screens */,
			);
			path = swiftui;
			sourceTree = "<group>";
		};
/* End PBXGroup section */

/* Begin PBXNativeTarget section */
		F16C62BE28C914D1001CE2F9 /* FotoPresenter */ = {
			isa = PBXNativeTarget;
			buildConfigurationList = F16C62E328C914D4001CE2F9 /* Build configuration list for PBXNativeTarget "FotoPresenter" */;
			buildPhases = (
				11ED534BF52C6806126316CF /* [CP] Check Pods Manifest.lock */,
				F16C62BB28C914D1001CE2F9 /* Sources */,
				F16C62BC28C914D1001CE2F9 /* Frameworks */,
				F16C62BD28C914D1001CE2F9 /* Resources */,
				E0864578F75F56A5E5E87CAA /* [CP] Embed Pods Frameworks */,
				F1A42C86291EB94000CDAEAD /* Swift Lint */,
			);
			buildRules = (
			);
			dependencies = (
			);
			name = FotoPresenter;
			productName = FotoPresenter;
			productReference = F16C62BF28C914D1001CE2F9 /* FotoPresenter.app */;
			productType = "com.apple.product-type.application";
		};
		F16C62CE28C914D4001CE2F9 /* FotoPresenterTests */ = {
			isa = PBXNativeTarget;
			buildConfigurationList = F16C62E628C914D4001CE2F9 /* Build configuration list for PBXNativeTarget "FotoPresenterTests" */;
			buildPhases = (
				4C5F3DC00DDD2286465E02EC /* [CP] Check Pods Manifest.lock */,
				F16C62CB28C914D4001CE2F9 /* Sources */,
				F16C62CC28C914D4001CE2F9 /* Frameworks */,
				F16C62CD28C914D4001CE2F9 /* Resources */,
			);
			buildRules = (
			);
			dependencies = (
				F16C62D128C914D4001CE2F9 /* PBXTargetDependency */,
			);
			name = FotoPresenterTests;
			productName = FotoPresenterTests;
			productReference = F16C62CF28C914D4001CE2F9 /* FotoPresenterTests.xctest */;
			productType = "com.apple.product-type.bundle.unit-test";
		};
		F16C62D828C914D4001CE2F9 /* FotoPresenterUITests */ = {
			isa = PBXNativeTarget;
			buildConfigurationList = F16C62E928C914D4001CE2F9 /* Build configuration list for PBXNativeTarget "FotoPresenterUITests" */;
			buildPhases = (
				FABE32B6934391267AA6B90F /* [CP] Check Pods Manifest.lock */,
				F16C62D528C914D4001CE2F9 /* Sources */,
				F16C62D628C914D4001CE2F9 /* Frameworks */,
				F16C62D728C914D4001CE2F9 /* Resources */,
				1F94F0BEBF9B5B8BDE58879E /* [CP] Embed Pods Frameworks */,
			);
			buildRules = (
			);
			dependencies = (
				F16C62DB28C914D4001CE2F9 /* PBXTargetDependency */,
			);
			name = FotoPresenterUITests;
			productName = FotoPresenterUITests;
			productReference = F16C62D928C914D4001CE2F9 /* FotoPresenterUITests.xctest */;
			productType = "com.apple.product-type.bundle.ui-testing";
		};
/* End PBXNativeTarget section */

/* Begin PBXProject section */
		F16C62B728C914D1001CE2F9 /* Project object */ = {
			isa = PBXProject;
			attributes = {
				BuildIndependentTargetsInParallel = 1;
				LastSwiftUpdateCheck = 1340;
				LastUpgradeCheck = 1340;
				TargetAttributes = {
					F16C62BE28C914D1001CE2F9 = {
						CreatedOnToolsVersion = 13.4.1;
					};
					F16C62CE28C914D4001CE2F9 = {
						CreatedOnToolsVersion = 13.4.1;
						TestTargetID = F16C62BE28C914D1001CE2F9;
					};
					F16C62D828C914D4001CE2F9 = {
						CreatedOnToolsVersion = 13.4.1;
						TestTargetID = F16C62BE28C914D1001CE2F9;
					};
				};
			};
			buildConfigurationList = F16C62BA28C914D1001CE2F9 /* Build configuration list for PBXProject "FotoPresenter" */;
			compatibilityVersion = "Xcode 13.0";
			developmentRegion = en;
			hasScannedForEncodings = 0;
			knownRegions = (
				en,
				Base,
			);
			mainGroup = F16C62B628C914D1001CE2F9;
			productRefGroup = F16C62C028C914D1001CE2F9 /* Products */;
			projectDirPath = "";
			projectRoot = "";
			targets = (
				F16C62BE28C914D1001CE2F9 /* FotoPresenter */,
				F16C62CE28C914D4001CE2F9 /* FotoPresenterTests */,
				F16C62D828C914D4001CE2F9 /* FotoPresenterUITests */,
			);
		};
/* End PBXProject section */

/* Begin PBXResourcesBuildPhase section */
		F16C62BD28C914D1001CE2F9 /* Resources */ = {
			isa = PBXResourcesBuildPhase;
			buildActionMask = 2147483647;
			files = (
				F10515C7294D07CA00F9E4B5 /* quicksand_light.ttf in Resources */,
				F10515CB294D07CA00F9E4B5 /* quicksand_bold.ttf in Resources */,
				F10515CA294D07CA00F9E4B5 /* quicksand_regular.ttf in Resources */,
				F16C62CA28C914D3001CE2F9 /* Preview Assets.xcassets in Resources */,
				F16C62C728C914D3001CE2F9 /* Assets.xcassets in Resources */,
				F10515C9294D07CA00F9E4B5 /* quicksand_semibold.ttf in Resources */,
				F10515C8294D07CA00F9E4B5 /* quicksand_medium.ttf in Resources */,
			);
			runOnlyForDeploymentPostprocessing = 0;
		};
		F16C62CD28C914D4001CE2F9 /* Resources */ = {
			isa = PBXResourcesBuildPhase;
			buildActionMask = 2147483647;
			files = (
			);
			runOnlyForDeploymentPostprocessing = 0;
		};
		F16C62D728C914D4001CE2F9 /* Resources */ = {
			isa = PBXResourcesBuildPhase;
			buildActionMask = 2147483647;
			files = (
			);
			runOnlyForDeploymentPostprocessing = 0;
		};
/* End PBXResourcesBuildPhase section */

/* Begin PBXShellScriptBuildPhase section */
		11ED534BF52C6806126316CF /* [CP] Check Pods Manifest.lock */ = {
			isa = PBXShellScriptBuildPhase;
			buildActionMask = 2147483647;
			files = (
			);
			inputFileListPaths = (
			);
			inputPaths = (
				"${PODS_PODFILE_DIR_PATH}/Podfile.lock",
				"${PODS_ROOT}/Manifest.lock",
			);
			name = "[CP] Check Pods Manifest.lock";
			outputFileListPaths = (
			);
			outputPaths = (
				"$(DERIVED_FILE_DIR)/Pods-FotoPresenter-checkManifestLockResult.txt",
			);
			runOnlyForDeploymentPostprocessing = 0;
			shellPath = /bin/sh;
			shellScript = "diff \"${PODS_PODFILE_DIR_PATH}/Podfile.lock\" \"${PODS_ROOT}/Manifest.lock\" > /dev/null\nif [ $? != 0 ] ; then\n    # print error to STDERR\n    echo \"error: The sandbox is not in sync with the Podfile.lock. Run 'pod install' or update your CocoaPods installation.\" >&2\n    exit 1\nfi\n# This output is used by Xcode 'outputs' to avoid re-running this script phase.\necho \"SUCCESS\" > \"${SCRIPT_OUTPUT_FILE_0}\"\n";
			showEnvVarsInLog = 0;
		};
		1F94F0BEBF9B5B8BDE58879E /* [CP] Embed Pods Frameworks */ = {
			isa = PBXShellScriptBuildPhase;
			buildActionMask = 2147483647;
			files = (
			);
			inputFileListPaths = (
				"${PODS_ROOT}/Target Support Files/Pods-FotoPresenter-FotoPresenterUITests/Pods-FotoPresenter-FotoPresenterUITests-frameworks-${CONFIGURATION}-input-files.xcfilelist",
			);
			name = "[CP] Embed Pods Frameworks";
			outputFileListPaths = (
				"${PODS_ROOT}/Target Support Files/Pods-FotoPresenter-FotoPresenterUITests/Pods-FotoPresenter-FotoPresenterUITests-frameworks-${CONFIGURATION}-output-files.xcfilelist",
			);
			runOnlyForDeploymentPostprocessing = 0;
			shellPath = /bin/sh;
			shellScript = "\"${PODS_ROOT}/Target Support Files/Pods-FotoPresenter-FotoPresenterUITests/Pods-FotoPresenter-FotoPresenterUITests-frameworks.sh\"\n";
			showEnvVarsInLog = 0;
		};
		4C5F3DC00DDD2286465E02EC /* [CP] Check Pods Manifest.lock */ = {
			isa = PBXShellScriptBuildPhase;
			buildActionMask = 2147483647;
			files = (
			);
			inputFileListPaths = (
			);
			inputPaths = (
				"${PODS_PODFILE_DIR_PATH}/Podfile.lock",
				"${PODS_ROOT}/Manifest.lock",
			);
			name = "[CP] Check Pods Manifest.lock";
			outputFileListPaths = (
			);
			outputPaths = (
				"$(DERIVED_FILE_DIR)/Pods-FotoPresenterTests-checkManifestLockResult.txt",
			);
			runOnlyForDeploymentPostprocessing = 0;
			shellPath = /bin/sh;
			shellScript = "diff \"${PODS_PODFILE_DIR_PATH}/Podfile.lock\" \"${PODS_ROOT}/Manifest.lock\" > /dev/null\nif [ $? != 0 ] ; then\n    # print error to STDERR\n    echo \"error: The sandbox is not in sync with the Podfile.lock. Run 'pod install' or update your CocoaPods installation.\" >&2\n    exit 1\nfi\n# This output is used by Xcode 'outputs' to avoid re-running this script phase.\necho \"SUCCESS\" > \"${SCRIPT_OUTPUT_FILE_0}\"\n";
			showEnvVarsInLog = 0;
		};
		E0864578F75F56A5E5E87CAA /* [CP] Embed Pods Frameworks */ = {
			isa = PBXShellScriptBuildPhase;
			buildActionMask = 2147483647;
			files = (
			);
			inputFileListPaths = (
				"${PODS_ROOT}/Target Support Files/Pods-FotoPresenter/Pods-FotoPresenter-frameworks-${CONFIGURATION}-input-files.xcfilelist",
			);
			name = "[CP] Embed Pods Frameworks";
			outputFileListPaths = (
				"${PODS_ROOT}/Target Support Files/Pods-FotoPresenter/Pods-FotoPresenter-frameworks-${CONFIGURATION}-output-files.xcfilelist",
			);
			runOnlyForDeploymentPostprocessing = 0;
			shellPath = /bin/sh;
			shellScript = "\"${PODS_ROOT}/Target Support Files/Pods-FotoPresenter/Pods-FotoPresenter-frameworks.sh\"\n";
			showEnvVarsInLog = 0;
		};
		F1A42C86291EB94000CDAEAD /* Swift Lint */ = {
			isa = PBXShellScriptBuildPhase;
			buildActionMask = 2147483647;
			files = (
			);
			inputFileListPaths = (
			);
			inputPaths = (
			);
			name = "Swift Lint";
			outputFileListPaths = (
			);
			outputPaths = (
			);
			runOnlyForDeploymentPostprocessing = 0;
			shellPath = /bin/sh;
			shellScript = "${PODS_ROOT}/SwiftLint/swiftlint --fix\n";
		};
		FABE32B6934391267AA6B90F /* [CP] Check Pods Manifest.lock */ = {
			isa = PBXShellScriptBuildPhase;
			buildActionMask = 2147483647;
			files = (
			);
			inputFileListPaths = (
			);
			inputPaths = (
				"${PODS_PODFILE_DIR_PATH}/Podfile.lock",
				"${PODS_ROOT}/Manifest.lock",
			);
			name = "[CP] Check Pods Manifest.lock";
			outputFileListPaths = (
			);
			outputPaths = (
				"$(DERIVED_FILE_DIR)/Pods-FotoPresenter-FotoPresenterUITests-checkManifestLockResult.txt",
			);
			runOnlyForDeploymentPostprocessing = 0;
			shellPath = /bin/sh;
			shellScript = "diff \"${PODS_PODFILE_DIR_PATH}/Podfile.lock\" \"${PODS_ROOT}/Manifest.lock\" > /dev/null\nif [ $? != 0 ] ; then\n    # print error to STDERR\n    echo \"error: The sandbox is not in sync with the Podfile.lock. Run 'pod install' or update your CocoaPods installation.\" >&2\n    exit 1\nfi\n# This output is used by Xcode 'outputs' to avoid re-running this script phase.\necho \"SUCCESS\" > \"${SCRIPT_OUTPUT_FILE_0}\"\n";
			showEnvVarsInLog = 0;
		};
/* End PBXShellScriptBuildPhase section */

/* Begin PBXSourcesBuildPhase section */
		F16C62BB28C914D1001CE2F9 /* Sources */ = {
			isa = PBXSourcesBuildPhase;
			buildActionMask = 2147483647;
			files = (
				F1A42C85291EA45400CDAEAD /* CancellableViewModel.swift in Sources */,
				F16C62C528C914D1001CE2F9 /* LoginScreen.swift in Sources */,
				F10515C0294D076400F9E4B5 /* Font.swift in Sources */,
				F10515BE294D05BE00F9E4B5 /* ScreenTitleTextField.swift in Sources */,
				F1BC833E28D4CB5F00702B83 /* LoginViewModel.swift in Sources */,
				F16C62C328C914D1001CE2F9 /* FotoPresenterApp.swift in Sources */,
				F19EF1FB28D8D228005F0806 /* CombineAdapters.swift in Sources */,
			);
			runOnlyForDeploymentPostprocessing = 0;
		};
		F16C62CB28C914D4001CE2F9 /* Sources */ = {
			isa = PBXSourcesBuildPhase;
			buildActionMask = 2147483647;
			files = (
				F16C62D428C914D4001CE2F9 /* FotoPresenterTests.swift in Sources */,
			);
			runOnlyForDeploymentPostprocessing = 0;
		};
		F16C62D528C914D4001CE2F9 /* Sources */ = {
			isa = PBXSourcesBuildPhase;
			buildActionMask = 2147483647;
			files = (
				F16C62DE28C914D4001CE2F9 /* FotoPresenterUITests.swift in Sources */,
				F16C62E028C914D4001CE2F9 /* FotoPresenterUITestsLaunchTests.swift in Sources */,
			);
			runOnlyForDeploymentPostprocessing = 0;
		};
/* End PBXSourcesBuildPhase section */

/* Begin PBXTargetDependency section */
		F16C62D128C914D4001CE2F9 /* PBXTargetDependency */ = {
			isa = PBXTargetDependency;
			target = F16C62BE28C914D1001CE2F9 /* FotoPresenter */;
			targetProxy = F16C62D028C914D4001CE2F9 /* PBXContainerItemProxy */;
		};
		F16C62DB28C914D4001CE2F9 /* PBXTargetDependency */ = {
			isa = PBXTargetDependency;
			target = F16C62BE28C914D1001CE2F9 /* FotoPresenter */;
			targetProxy = F16C62DA28C914D4001CE2F9 /* PBXContainerItemProxy */;
		};
/* End PBXTargetDependency section */

/* Begin XCBuildConfiguration section */
		F16C62E128C914D4001CE2F9 /* Debug */ = {
			isa = XCBuildConfiguration;
			buildSettings = {
				ALWAYS_SEARCH_USER_PATHS = NO;
				CLANG_ANALYZER_NONNULL = YES;
				CLANG_ANALYZER_NUMBER_OBJECT_CONVERSION = YES_AGGRESSIVE;
				CLANG_CXX_LANGUAGE_STANDARD = "gnu++17";
				CLANG_ENABLE_MODULES = YES;
				CLANG_ENABLE_OBJC_ARC = YES;
				CLANG_ENABLE_OBJC_WEAK = YES;
				CLANG_WARN_BLOCK_CAPTURE_AUTORELEASING = YES;
				CLANG_WARN_BOOL_CONVERSION = YES;
				CLANG_WARN_COMMA = YES;
				CLANG_WARN_CONSTANT_CONVERSION = YES;
				CLANG_WARN_DEPRECATED_OBJC_IMPLEMENTATIONS = YES;
				CLANG_WARN_DIRECT_OBJC_ISA_USAGE = YES_ERROR;
				CLANG_WARN_DOCUMENTATION_COMMENTS = YES;
				CLANG_WARN_EMPTY_BODY = YES;
				CLANG_WARN_ENUM_CONVERSION = YES;
				CLANG_WARN_INFINITE_RECURSION = YES;
				CLANG_WARN_INT_CONVERSION = YES;
				CLANG_WARN_NON_LITERAL_NULL_CONVERSION = YES;
				CLANG_WARN_OBJC_IMPLICIT_RETAIN_SELF = YES;
				CLANG_WARN_OBJC_LITERAL_CONVERSION = YES;
				CLANG_WARN_OBJC_ROOT_CLASS = YES_ERROR;
				CLANG_WARN_QUOTED_INCLUDE_IN_FRAMEWORK_HEADER = YES;
				CLANG_WARN_RANGE_LOOP_ANALYSIS = YES;
				CLANG_WARN_STRICT_PROTOTYPES = YES;
				CLANG_WARN_SUSPICIOUS_MOVE = YES;
				CLANG_WARN_UNGUARDED_AVAILABILITY = YES_AGGRESSIVE;
				CLANG_WARN_UNREACHABLE_CODE = YES;
				CLANG_WARN__DUPLICATE_METHOD_MATCH = YES;
				COPY_PHASE_STRIP = NO;
				DEBUG_INFORMATION_FORMAT = dwarf;
				ENABLE_STRICT_OBJC_MSGSEND = YES;
				ENABLE_TESTABILITY = YES;
				GCC_C_LANGUAGE_STANDARD = gnu11;
				GCC_DYNAMIC_NO_PIC = NO;
				GCC_NO_COMMON_BLOCKS = YES;
				GCC_OPTIMIZATION_LEVEL = 0;
				GCC_PREPROCESSOR_DEFINITIONS = (
					"DEBUG=1",
					"$(inherited)",
				);
				GCC_WARN_64_TO_32_BIT_CONVERSION = YES;
				GCC_WARN_ABOUT_RETURN_TYPE = YES_ERROR;
				GCC_WARN_UNDECLARED_SELECTOR = YES;
				GCC_WARN_UNINITIALIZED_AUTOS = YES_AGGRESSIVE;
				GCC_WARN_UNUSED_FUNCTION = YES;
				GCC_WARN_UNUSED_VARIABLE = YES;
				IPHONEOS_DEPLOYMENT_TARGET = 15.5;
				MTL_ENABLE_DEBUG_INFO = INCLUDE_SOURCE;
				MTL_FAST_MATH = YES;
				ONLY_ACTIVE_ARCH = YES;
				SDKROOT = iphoneos;
				SWIFT_ACTIVE_COMPILATION_CONDITIONS = DEBUG;
				SWIFT_OPTIMIZATION_LEVEL = "-Onone";
			};
			name = Debug;
		};
		F16C62E228C914D4001CE2F9 /* Release */ = {
			isa = XCBuildConfiguration;
			buildSettings = {
				ALWAYS_SEARCH_USER_PATHS = NO;
				CLANG_ANALYZER_NONNULL = YES;
				CLANG_ANALYZER_NUMBER_OBJECT_CONVERSION = YES_AGGRESSIVE;
				CLANG_CXX_LANGUAGE_STANDARD = "gnu++17";
				CLANG_ENABLE_MODULES = YES;
				CLANG_ENABLE_OBJC_ARC = YES;
				CLANG_ENABLE_OBJC_WEAK = YES;
				CLANG_WARN_BLOCK_CAPTURE_AUTORELEASING = YES;
				CLANG_WARN_BOOL_CONVERSION = YES;
				CLANG_WARN_COMMA = YES;
				CLANG_WARN_CONSTANT_CONVERSION = YES;
				CLANG_WARN_DEPRECATED_OBJC_IMPLEMENTATIONS = YES;
				CLANG_WARN_DIRECT_OBJC_ISA_USAGE = YES_ERROR;
				CLANG_WARN_DOCUMENTATION_COMMENTS = YES;
				CLANG_WARN_EMPTY_BODY = YES;
				CLANG_WARN_ENUM_CONVERSION = YES;
				CLANG_WARN_INFINITE_RECURSION = YES;
				CLANG_WARN_INT_CONVERSION = YES;
				CLANG_WARN_NON_LITERAL_NULL_CONVERSION = YES;
				CLANG_WARN_OBJC_IMPLICIT_RETAIN_SELF = YES;
				CLANG_WARN_OBJC_LITERAL_CONVERSION = YES;
				CLANG_WARN_OBJC_ROOT_CLASS = YES_ERROR;
				CLANG_WARN_QUOTED_INCLUDE_IN_FRAMEWORK_HEADER = YES;
				CLANG_WARN_RANGE_LOOP_ANALYSIS = YES;
				CLANG_WARN_STRICT_PROTOTYPES = YES;
				CLANG_WARN_SUSPICIOUS_MOVE = YES;
				CLANG_WARN_UNGUARDED_AVAILABILITY = YES_AGGRESSIVE;
				CLANG_WARN_UNREACHABLE_CODE = YES;
				CLANG_WARN__DUPLICATE_METHOD_MATCH = YES;
				COPY_PHASE_STRIP = NO;
				DEBUG_INFORMATION_FORMAT = "dwarf-with-dsym";
				ENABLE_NS_ASSERTIONS = NO;
				ENABLE_STRICT_OBJC_MSGSEND = YES;
				GCC_C_LANGUAGE_STANDARD = gnu11;
				GCC_NO_COMMON_BLOCKS = YES;
				GCC_WARN_64_TO_32_BIT_CONVERSION = YES;
				GCC_WARN_ABOUT_RETURN_TYPE = YES_ERROR;
				GCC_WARN_UNDECLARED_SELECTOR = YES;
				GCC_WARN_UNINITIALIZED_AUTOS = YES_AGGRESSIVE;
				GCC_WARN_UNUSED_FUNCTION = YES;
				GCC_WARN_UNUSED_VARIABLE = YES;
				IPHONEOS_DEPLOYMENT_TARGET = 15.5;
				MTL_ENABLE_DEBUG_INFO = NO;
				MTL_FAST_MATH = YES;
				SDKROOT = iphoneos;
				SWIFT_COMPILATION_MODE = wholemodule;
				SWIFT_OPTIMIZATION_LEVEL = "-O";
				VALIDATE_PRODUCT = YES;
			};
			name = Release;
		};
		F16C62E428C914D4001CE2F9 /* Debug */ = {
			isa = XCBuildConfiguration;
			baseConfigurationReference = B2E786B7613CDA19AD928B18 /* Pods-FotoPresenter.debug.xcconfig */;
			buildSettings = {
				ASSETCATALOG_COMPILER_APPICON_NAME = AppIcon;
				ASSETCATALOG_COMPILER_GLOBAL_ACCENT_COLOR_NAME = AccentColor;
				CODE_SIGN_STYLE = Automatic;
				CURRENT_PROJECT_VERSION = 1;
				DEVELOPMENT_ASSET_PATHS = "\"FotoPresenter/Preview Content\"";
				DEVELOPMENT_TEAM = D3SB7AMYA2;
				ENABLE_PREVIEWS = YES;
				GENERATE_INFOPLIST_FILE = YES;
				INFOPLIST_FILE = FotoPresenter/Info.plist;
				INFOPLIST_KEY_UIApplicationSceneManifest_Generation = YES;
				INFOPLIST_KEY_UIApplicationSupportsIndirectInputEvents = YES;
				INFOPLIST_KEY_UILaunchScreen_Generation = YES;
				INFOPLIST_KEY_UISupportedInterfaceOrientations_iPad = "UIInterfaceOrientationPortrait UIInterfaceOrientationPortraitUpsideDown UIInterfaceOrientationLandscapeLeft UIInterfaceOrientationLandscapeRight";
				INFOPLIST_KEY_UISupportedInterfaceOrientations_iPhone = "UIInterfaceOrientationPortrait UIInterfaceOrientationLandscapeLeft UIInterfaceOrientationLandscapeRight";
				LD_RUNPATH_SEARCH_PATHS = (
					"$(inherited)",
					"@executable_path/Frameworks",
				);
				MARKETING_VERSION = 1.0;
				PRODUCT_BUNDLE_IDENTIFIER = kevinschildhorn.FotoPresenter;
				PRODUCT_NAME = "$(TARGET_NAME)";
				SWIFT_EMIT_LOC_STRINGS = YES;
				SWIFT_VERSION = 5.0;
				TARGETED_DEVICE_FAMILY = "1,2";
			};
			name = Debug;
		};
		F16C62E528C914D4001CE2F9 /* Release */ = {
			isa = XCBuildConfiguration;
			baseConfigurationReference = 449A7F2AF2B99C5B97DA0988 /* Pods-FotoPresenter.release.xcconfig */;
			buildSettings = {
				ASSETCATALOG_COMPILER_APPICON_NAME = AppIcon;
				ASSETCATALOG_COMPILER_GLOBAL_ACCENT_COLOR_NAME = AccentColor;
				CODE_SIGN_STYLE = Automatic;
				CURRENT_PROJECT_VERSION = 1;
				DEVELOPMENT_ASSET_PATHS = "\"FotoPresenter/Preview Content\"";
				DEVELOPMENT_TEAM = D3SB7AMYA2;
				ENABLE_PREVIEWS = YES;
				GENERATE_INFOPLIST_FILE = YES;
				INFOPLIST_FILE = FotoPresenter/Info.plist;
				INFOPLIST_KEY_UIApplicationSceneManifest_Generation = YES;
				INFOPLIST_KEY_UIApplicationSupportsIndirectInputEvents = YES;
				INFOPLIST_KEY_UILaunchScreen_Generation = YES;
				INFOPLIST_KEY_UISupportedInterfaceOrientations_iPad = "UIInterfaceOrientationPortrait UIInterfaceOrientationPortraitUpsideDown UIInterfaceOrientationLandscapeLeft UIInterfaceOrientationLandscapeRight";
				INFOPLIST_KEY_UISupportedInterfaceOrientations_iPhone = "UIInterfaceOrientationPortrait UIInterfaceOrientationLandscapeLeft UIInterfaceOrientationLandscapeRight";
				LD_RUNPATH_SEARCH_PATHS = (
					"$(inherited)",
					"@executable_path/Frameworks",
				);
				MARKETING_VERSION = 1.0;
				PRODUCT_BUNDLE_IDENTIFIER = kevinschildhorn.FotoPresenter;
				PRODUCT_NAME = "$(TARGET_NAME)";
				SWIFT_EMIT_LOC_STRINGS = YES;
				SWIFT_VERSION = 5.0;
				TARGETED_DEVICE_FAMILY = "1,2";
			};
			name = Release;
		};
		F16C62E728C914D4001CE2F9 /* Debug */ = {
			isa = XCBuildConfiguration;
			baseConfigurationReference = DA2F185F285131EECAF12BDD /* Pods-FotoPresenterTests.debug.xcconfig */;
			buildSettings = {
				ALWAYS_EMBED_SWIFT_STANDARD_LIBRARIES = YES;
				BUNDLE_LOADER = "$(TEST_HOST)";
				CODE_SIGN_STYLE = Automatic;
				CURRENT_PROJECT_VERSION = 1;
				DEVELOPMENT_TEAM = D3SB7AMYA2;
				GENERATE_INFOPLIST_FILE = YES;
				IPHONEOS_DEPLOYMENT_TARGET = 15.5;
				MARKETING_VERSION = 1.0;
				PRODUCT_BUNDLE_IDENTIFIER = kevinschildhorn.FotoPresenterTests;
				PRODUCT_NAME = "$(TARGET_NAME)";
				SWIFT_EMIT_LOC_STRINGS = NO;
				SWIFT_VERSION = 5.0;
				TARGETED_DEVICE_FAMILY = "1,2";
				TEST_HOST = "$(BUILT_PRODUCTS_DIR)/FotoPresenter.app/FotoPresenter";
			};
			name = Debug;
		};
		F16C62E828C914D4001CE2F9 /* Release */ = {
			isa = XCBuildConfiguration;
			baseConfigurationReference = A9BB81B8413C4E2D25D20E5A /* Pods-FotoPresenterTests.release.xcconfig */;
			buildSettings = {
				ALWAYS_EMBED_SWIFT_STANDARD_LIBRARIES = YES;
				BUNDLE_LOADER = "$(TEST_HOST)";
				CODE_SIGN_STYLE = Automatic;
				CURRENT_PROJECT_VERSION = 1;
				DEVELOPMENT_TEAM = D3SB7AMYA2;
				GENERATE_INFOPLIST_FILE = YES;
				IPHONEOS_DEPLOYMENT_TARGET = 15.5;
				MARKETING_VERSION = 1.0;
				PRODUCT_BUNDLE_IDENTIFIER = kevinschildhorn.FotoPresenterTests;
				PRODUCT_NAME = "$(TARGET_NAME)";
				SWIFT_EMIT_LOC_STRINGS = NO;
				SWIFT_VERSION = 5.0;
				TARGETED_DEVICE_FAMILY = "1,2";
				TEST_HOST = "$(BUILT_PRODUCTS_DIR)/FotoPresenter.app/FotoPresenter";
			};
			name = Release;
		};
		F16C62EA28C914D4001CE2F9 /* Debug */ = {
			isa = XCBuildConfiguration;
			baseConfigurationReference = C565D303851E2F1CF8EE4D89 /* Pods-FotoPresenter-FotoPresenterUITests.debug.xcconfig */;
			buildSettings = {
				ALWAYS_EMBED_SWIFT_STANDARD_LIBRARIES = YES;
				CODE_SIGN_STYLE = Automatic;
				CURRENT_PROJECT_VERSION = 1;
				DEVELOPMENT_TEAM = D3SB7AMYA2;
				GENERATE_INFOPLIST_FILE = YES;
				MARKETING_VERSION = 1.0;
				PRODUCT_BUNDLE_IDENTIFIER = kevinschildhorn.FotoPresenterUITests;
				PRODUCT_NAME = "$(TARGET_NAME)";
				SWIFT_EMIT_LOC_STRINGS = NO;
				SWIFT_VERSION = 5.0;
				TARGETED_DEVICE_FAMILY = "1,2";
				TEST_TARGET_NAME = FotoPresenter;
			};
			name = Debug;
		};
		F16C62EB28C914D4001CE2F9 /* Release */ = {
			isa = XCBuildConfiguration;
			baseConfigurationReference = 47F192AC9A69A07F49966406 /* Pods-FotoPresenter-FotoPresenterUITests.release.xcconfig */;
			buildSettings = {
				ALWAYS_EMBED_SWIFT_STANDARD_LIBRARIES = YES;
				CODE_SIGN_STYLE = Automatic;
				CURRENT_PROJECT_VERSION = 1;
				DEVELOPMENT_TEAM = D3SB7AMYA2;
				GENERATE_INFOPLIST_FILE = YES;
				MARKETING_VERSION = 1.0;
				PRODUCT_BUNDLE_IDENTIFIER = kevinschildhorn.FotoPresenterUITests;
				PRODUCT_NAME = "$(TARGET_NAME)";
				SWIFT_EMIT_LOC_STRINGS = NO;
				SWIFT_VERSION = 5.0;
				TARGETED_DEVICE_FAMILY = "1,2";
				TEST_TARGET_NAME = FotoPresenter;
			};
			name = Release;
		};
/* End XCBuildConfiguration section */

/* Begin XCConfigurationList section */
		F16C62BA28C914D1001CE2F9 /* Build configuration list for PBXProject "FotoPresenter" */ = {
			isa = XCConfigurationList;
			buildConfigurations = (
				F16C62E128C914D4001CE2F9 /* Debug */,
				F16C62E228C914D4001CE2F9 /* Release */,
			);
			defaultConfigurationIsVisible = 0;
			defaultConfigurationName = Release;
		};
		F16C62E328C914D4001CE2F9 /* Build configuration list for PBXNativeTarget "FotoPresenter" */ = {
			isa = XCConfigurationList;
			buildConfigurations = (
				F16C62E428C914D4001CE2F9 /* Debug */,
				F16C62E528C914D4001CE2F9 /* Release */,
			);
			defaultConfigurationIsVisible = 0;
			defaultConfigurationName = Release;
		};
		F16C62E628C914D4001CE2F9 /* Build configuration list for PBXNativeTarget "FotoPresenterTests" */ = {
			isa = XCConfigurationList;
			buildConfigurations = (
				F16C62E728C914D4001CE2F9 /* Debug */,
				F16C62E828C914D4001CE2F9 /* Release */,
			);
			defaultConfigurationIsVisible = 0;
			defaultConfigurationName = Release;
		};
		F16C62E928C914D4001CE2F9 /* Build configuration list for PBXNativeTarget "FotoPresenterUITests" */ = {
			isa = XCConfigurationList;
			buildConfigurations = (
				F16C62EA28C914D4001CE2F9 /* Debug */,
				F16C62EB28C914D4001CE2F9 /* Release */,
			);
			defaultConfigurationIsVisible = 0;
			defaultConfigurationName = Release;
		};
/* End XCConfigurationList section */
	};
	rootObject = F16C62B728C914D1001CE2F9 /* Project object */;
}
